
Microsoft Visual Studio Solution File, Format Version 12.00
# Visual Studio 15
Project("{FAE04EC0-301F-11D3-BF4B-00C04F79EFBC}") = "Fractal-Unity-", "Assembly-CSharp.csproj", "{9EFE026C-B7B6-82AF-5D62-D974C5C4DE3C}"
EndProject
Global
	GlobalSection(SolutionConfigurationPlatforms) = preSolution
		Debug|Any CPU = Debug|Any CPU
		Release|Any CPU = Release|Any CPU
	EndGlobalSection
	GlobalSection(ProjectConfigurationPlatforms) = postSolution
		{9EFE026C-B7B6-82AF-5D62-D974C5C4DE3C}.Debug|Any CPU.ActiveCfg = Debug|Any CPU
		{9EFE026C-B7B6-82AF-5D62-D974C5C4DE3C}.Debug|Any CPU.Build.0 = Debug|Any CPU
		{9EFE026C-B7B6-82AF-5D62-D974C5C4DE3C}.Release|Any CPU.ActiveCfg = Release|Any CPU
		{9EFE026C-B7B6-82AF-5D62-D974C5C4DE3C}.Release|Any CPU.Build.0 = Release|Any CPU
	EndGlobalSection
	GlobalSection(SolutionProperties) = preSolution
		HideSolutionNode = FALSE
	EndGlobalSection
EndGlobal
